
Microsoft Visual Studio Solution File, Format Version 12.00
# Visual Studio Version 16
VisualStudioVersion = 16.0.29326.143
MinimumVisualStudioVersion = 10.0.40219.1
Project("{FAE04EC0-301F-11D3-BF4B-00C04F79EFBC}") = "InterfaceDeLEnfer", "InterfaceDeLEnfer\InterfaceDeLEnfer.csproj", "{56CAAE4F-AF80-4EF3-B977-95DF568F8660}"
EndProject
Global
	GlobalSection(SolutionConfigurationPlatforms) = preSolution
		Debug|Any CPU = Debug|Any CPU
		Release|Any CPU = Release|Any CPU
	EndGlobalSection
	GlobalSection(ProjectConfigurationPlatforms) = postSolution
		{56CAAE4F-AF80-4EF3-B977-95DF568F8660}.Debug|Any CPU.ActiveCfg = Debug|Any CPU
		{56CAAE4F-AF80-4EF3-B977-95DF568F8660}.Debug|Any CPU.Build.0 = Debug|Any CPU
		{56CAAE4F-AF80-4EF3-B977-95DF568F8660}.Release|Any CPU.ActiveCfg = Release|Any CPU
		{56CAAE4F-AF80-4EF3-B977-95DF568F8660}.Release|Any CPU.Build.0 = Release|Any CPU
	EndGlobalSection
	GlobalSection(SolutionProperties) = preSolution
		HideSolutionNode = FALSE
	EndGlobalSection
	GlobalSection(ExtensibilityGlobals) = postSolution
		SolutionGuid = {8D191E76-7E0F-41C5-8684-BCE4E07E4E06}
	EndGlobalSection
EndGlobal
